
Microsoft Visual Studio Solution File, Format Version 12.00
# Visual Studio Version 17
VisualStudioVersion = 17.10.35027.167
MinimumVisualStudioVersion = 10.0.40219.1
Project("{FAE04EC0-301F-11D3-BF4B-00C04F79EFBC}") = "MiniSheenasNest", "MiniSheenasNest.csproj", "{D0621BF0-E683-4F3A-894A-E689BA363F65}"
EndProject
Global
	GlobalSection(SolutionConfigurationPlatforms) = preSolution
		Debug|Any CPU = Debug|Any CPU
		Release|Any CPU = Release|Any CPU
	EndGlobalSection
	GlobalSection(ProjectConfigurationPlatforms) = postSolution
		{D0621BF0-E683-4F3A-894A-E689BA363F65}.Debug|Any CPU.ActiveCfg = Debug|Any CPU
		{D0621BF0-E683-4F3A-894A-E689BA363F65}.Debug|Any CPU.Build.0 = Debug|Any CPU
		{D0621BF0-E683-4F3A-894A-E689BA363F65}.Release|Any CPU.ActiveCfg = Release|Any CPU
		{D0621BF0-E683-4F3A-894A-E689BA363F65}.Release|Any CPU.Build.0 = Release|Any CPU
	EndGlobalSection
	GlobalSection(SolutionProperties) = preSolution
		HideSolutionNode = FALSE
	EndGlobalSection
	GlobalSection(ExtensibilityGlobals) = postSolution
		SolutionGuid = {DA98F037-C422-45E7-830F-21C2ACEF43C8}
	EndGlobalSection
EndGlobal
